
Microsoft Visual Studio Solution File, Format Version 12.00
# Visual Studio 14
VisualStudioVersion = 14.0.23107.0
MinimumVisualStudioVersion = 10.0.40219.1
Project("{7CF6DF6D-3B04-46F8-A40B-537D21BCA0B4}") = "Hangfire.Api", "Hangfire.Api\Hangfire.Api.shfbproj", "{05A9E2C0-001E-414E-AA98-3913C093125A}"
EndProject
Project("{FAE04EC0-301F-11D3-BF4B-00C04F79EFBC}") = "Samples", "Samples\Samples.csproj", "{EF3B671B-BB14-4815-A9C7-137F8A19A8BE}"
EndProject
Project("{F184B08F-C81C-45F6-A57F-5ABD9991F28F}") = "VBSamples", "VBSamples\VBSamples.vbproj", "{0C4BE734-D3B8-447C-81DF-FC5100C782AA}"
EndProject
Global
	GlobalSection(SolutionConfigurationPlatforms) = preSolution
		Debug|Any CPU = Debug|Any CPU
		Release|Any CPU = Release|Any CPU
	EndGlobalSection
	GlobalSection(ProjectConfigurationPlatforms) = postSolution
		{05A9E2C0-001E-414E-AA98-3913C093125A}.Debug|Any CPU.ActiveCfg = Debug|Any CPU
		{05A9E2C0-001E-414E-AA98-3913C093125A}.Debug|Any CPU.Build.0 = Debug|Any CPU
		{05A9E2C0-001E-414E-AA98-3913C093125A}.Release|Any CPU.ActiveCfg = Release|Any CPU
		{05A9E2C0-001E-414E-AA98-3913C093125A}.Release|Any CPU.Build.0 = Release|Any CPU
		{EF3B671B-BB14-4815-A9C7-137F8A19A8BE}.Debug|Any CPU.ActiveCfg = Debug|Any CPU
		{EF3B671B-BB14-4815-A9C7-137F8A19A8BE}.Debug|Any CPU.Build.0 = Debug|Any CPU
		{EF3B671B-BB14-4815-A9C7-137F8A19A8BE}.Release|Any CPU.ActiveCfg = Release|Any CPU
		{EF3B671B-BB14-4815-A9C7-137F8A19A8BE}.Release|Any CPU.Build.0 = Release|Any CPU
		{0C4BE734-D3B8-447C-81DF-FC5100C782AA}.Debug|Any CPU.ActiveCfg = Debug|Any CPU
		{0C4BE734-D3B8-447C-81DF-FC5100C782AA}.Debug|Any CPU.Build.0 = Debug|Any CPU
		{0C4BE734-D3B8-447C-81DF-FC5100C782AA}.Release|Any CPU.ActiveCfg = Release|Any CPU
		{0C4BE734-D3B8-447C-81DF-FC5100C782AA}.Release|Any CPU.Build.0 = Release|Any CPU
	EndGlobalSection
	GlobalSection(SolutionProperties) = preSolution
		HideSolutionNode = FALSE
	EndGlobalSection
EndGlobal
